{
  "name": "cursojavascript",
  "lockfileVersion": 2,
  "requires": true,
  "packages": {
    "": {
      "dependencies": {
        "bootstrap-icons": "^1.9.1",
        "sweetalert2": "^11.4.29"
      }
    },
    "node_modules/bootstrap-icons": {
      "version": "1.9.1",
      "resolved": "https://registry.npmjs.org/bootstrap-icons/-/bootstrap-icons-1.9.1.tgz",
      "integrity": "sha512-d4ZkO30MIkAhQ2nNRJqKXJVEQorALGbLWTuRxyCTJF96lRIV6imcgMehWGJUiJMJhglN0o2tqLIeDnMdiQEE9g=="
    },
    "node_modules/sweetalert2": {
      "version": "11.4.29",
      "resolved": "https://registry.npmjs.org/sweetalert2/-/sweetalert2-11.4.29.tgz",
      "integrity": "sha512-UMCZgyEk0m+KizxspB8Bsm5ZQRdguba2t2+Rf0r8XBmq5YqhXq7ItV2C15A3VLfRlxHnEJBTYg6hkSk/x+5Ofw==",
      "funding": {
        "type": "individual",
        "url": "https://sweetalert2.github.io/#donations"
      }
    }
  },
  "dependencies": {
    "bootstrap-icons": {
      "version": "1.9.1",
      "resolved": "https://registry.npmjs.org/bootstrap-icons/-/bootstrap-icons-1.9.1.tgz",
      "integrity": "sha512-d4ZkO30MIkAhQ2nNRJqKXJVEQorALGbLWTuRxyCTJF96lRIV6imcgMehWGJUiJMJhglN0o2tqLIeDnMdiQEE9g=="
    },
    "sweetalert2": {
      "version": "11.4.29",
      "resolved": "https://registry.npmjs.org/sweetalert2/-/sweetalert2-11.4.29.tgz",
      "integrity": "sha512-UMCZgyEk0m+KizxspB8Bsm5ZQRdguba2t2+Rf0r8XBmq5YqhXq7ItV2C15A3VLfRlxHnEJBTYg6hkSk/x+5Ofw=="
    }
  }
}
